// !$*UTF8*$!
{
	archiveVersion = 1;
	classes = {
	};
	objectVersion = 56;
	objects = {

/* Begin PBXBuildFile section */
		E3B9B2F72B2106A200E52DBE /* AppDelegate.swift in Sources */ = {isa = PBXBuildFile; fileRef = E3B9B2F62B2106A200E52DBE /* AppDelegate.swift */; };
		E3B9B2F92B2106A200E52DBE /* SceneDelegate.swift in Sources */ = {isa = PBXBuildFile; fileRef = E3B9B2F82B2106A200E52DBE /* SceneDelegate.swift */; };
		E3B9B2FB2B2106A200E52DBE /* ViewController.swift in Sources */ = {isa = PBXBuildFile; fileRef = E3B9B2FA2B2106A200E52DBE /* ViewController.swift */; };
		E3B9B2FE2B2106A200E52DBE /* Main.storyboard in Resources */ = {isa = PBXBuildFile; fileRef = E3B9B2FC2B2106A200E52DBE /* Main.storyboard */; };
		E3B9B3002B2106A400E52DBE /* Assets.xcassets in Resources */ = {isa = PBXBuildFile; fileRef = E3B9B2FF2B2106A400E52DBE /* Assets.xcassets */; };
		E3B9B3032B2106A400E52DBE /* LaunchScreen.storyboard in Resources */ = {isa = PBXBuildFile; fileRef = E3B9B3012B2106A400E52DBE /* LaunchScreen.storyboard */; };
		E3B9B30D2B213EC300E52DBE /* SecondVC.swift in Sources */ = {isa = PBXBuildFile; fileRef = E3B9B30B2B213EC300E52DBE /* SecondVC.swift */; };
		E3B9B30E2B213EC300E52DBE /* SecondVC.xib in Resources */ = {isa = PBXBuildFile; fileRef = E3B9B30C2B213EC300E52DBE /* SecondVC.xib */; };
/* End PBXBuildFile section */

/* Begin PBXFileReference section */
		E3B9B2F32B2106A200E52DBE /* ProtocolsExample.app */ = {isa = PBXFileReference; explicitFileType = wrapper.application; includeInIndex = 0; path = ProtocolsExample.app; sourceTree = BUILT_PRODUCTS_DIR; };
		E3B9B2F62B2106A200E52DBE /* AppDelegate.swift */ = {isa = PBXFileReference; lastKnownFileType = sourcecode.swift; path = AppDelegate.swift; sourceTree = "<group>"; };
		E3B9B2F82B2106A200E52DBE /* SceneDelegate.swift */ = {isa = PBXFileReference; lastKnownFileType = sourcecode.swift; path = SceneDelegate.swift; sourceTree = "<group>"; };
		E3B9B2FA2B2106A200E52DBE /* ViewController.swift */ = {isa = PBXFileReference; lastKnownFileType = sourcecode.swift; path = ViewController.swift; sourceTree = "<group>"; };
		E3B9B2FD2B2106A200E52DBE /* Base */ = {isa = PBXFileReference; lastKnownFileType = file.storyboard; name = Base; path = Base.lproj/Main.storyboard; sourceTree = "<group>"; };
		E3B9B2FF2B2106A400E52DBE /* Assets.xcassets */ = {isa = PBXFileReference; lastKnownFileType = folder.assetcatalog; path = Assets.xcassets; sourceTree = "<group>"; };
		E3B9B3022B2106A400E52DBE /* Base */ = {isa = PBXFileReference; lastKnownFileType = file.storyboard; name = Base; path = Base.lproj/LaunchScreen.storyboard; sourceTree = "<group>"; };
		E3B9B3042B2106A400E52DBE /* Info.plist */ = {isa = PBXFileReference; lastKnownFileType = text.plist.xml; path = Info.plist; sourceTree = "<group>"; };
		E3B9B30B2B213EC300E52DBE /* SecondVC.swift */ = {isa = PBXFileReference; lastKnownFileType = sourcecode.swift; path = SecondVC.swift; sourceTree = "<group>"; };
		E3B9B30C2B213EC300E52DBE /* SecondVC.xib */ = {isa = PBXFileReference; lastKnownFileType = file.xib; path = SecondVC.xib; sourceTree = "<group>"; };
/* End PBXFileReference section */

/* Begin PBXFrameworksBuildPhase section */
		E3B9B2F02B2106A200E52DBE /* Frameworks */ = {
			isa = PBXFrameworksBuildPhase;
			buildActionMask = 2147483647;
			files = (
			);
			runOnlyForDeploymentPostprocessing = 0;
		};
/* End PBXFrameworksBuildPhase section */

/* Begin PBXGroup section */
		E3B9B2EA2B2106A200E52DBE = {
			isa = PBXGroup;
			children = (
				E3B9B2F52B2106A200E52DBE /* ProtocolsExample */,
				E3B9B2F42B2106A200E52DBE /* Products */,
			);
			sourceTree = "<group>";
		};
		E3B9B2F42B2106A200E52DBE /* Products */ = {
			isa = PBXGroup;
			children = (
				E3B9B2F32B2106A200E52DBE /* ProtocolsExample.app */,
			);
			name = Products;
			sourceTree = "<group>";
		};
		E3B9B2F52B2106A200E52DBE /* ProtocolsExample */ = {
			isa = PBXGroup;
			children = (
				E3B9B30A2B213EA200E52DBE /* Second Screen */,
				E3B9B2F62B2106A200E52DBE /* AppDelegate.swift */,
				E3B9B2F82B2106A200E52DBE /* SceneDelegate.swift */,
				E3B9B2FA2B2106A200E52DBE /* ViewController.swift */,
				E3B9B2FC2B2106A200E52DBE /* Main.storyboard */,
				E3B9B3012B2106A400E52DBE /* LaunchScreen.storyboard */,
				E3B9B2FF2B2106A400E52DBE /* Assets.xcassets */,
				E3B9B3042B2106A400E52DBE /* Info.plist */,
			);
			path = ProtocolsExample;
			sourceTree = "<group>";
		};
		E3B9B30A2B213EA200E52DBE /* Second Screen */ = {
			isa = PBXGroup;
			children = (
				E3B9B30B2B213EC300E52DBE /* SecondVC.swift */,
				E3B9B30C2B213EC300E52DBE /* SecondVC.xib */,
			);
			path = "Second Screen";
			sourceTree = "<group>";
		};
/* End PBXGroup section */

/* Begin PBXNativeTarget section */
		E3B9B2F22B2106A200E52DBE /* ProtocolsExample */ = {
			isa = PBXNativeTarget;
			buildConfigurationList = E3B9B3072B2106A400E52DBE /* Build configuration list for PBXNativeTarget "ProtocolsExample" */;
			buildPhases = (
				E3B9B2EF2B2106A200E52DBE /* Sources */,
				E3B9B2F02B2106A200E52DBE /* Frameworks */,
				E3B9B2F12B2106A200E52DBE /* Resources */,
			);
			buildRules = (
			);
			dependencies = (
			);
			name = ProtocolsExample;
			productName = ProtocolsExample;
			productReference = E3B9B2F32B2106A200E52DBE /* ProtocolsExample.app */;
			productType = "com.apple.product-type.application";
		};
/* End PBXNativeTarget section */

/* Begin PBXProject section */
		E3B9B2EB2B2106A200E52DBE /* Project object */ = {
			isa = PBXProject;
			attributes = {
				BuildIndependentTargetsInParallel = 1;
				LastSwiftUpdateCheck = 1500;
				LastUpgradeCheck = 1500;
				TargetAttributes = {
					E3B9B2F22B2106A200E52DBE = {
						CreatedOnToolsVersion = 15.0;
					};
				};
			};
			buildConfigurationList = E3B9B2EE2B2106A200E52DBE /* Build configuration list for PBXProject "ProtocolsExample" */;
			compatibilityVersion = "Xcode 14.0";
			developmentRegion = en;
			hasScannedForEncodings = 0;
			knownRegions = (
				en,
				Base,
			);
			mainGroup = E3B9B2EA2B2106A200E52DBE;
			productRefGroup = E3B9B2F42B2106A200E52DBE /* Products */;
			projectDirPath = "";
			projectRoot = "";
			targets = (
				E3B9B2F22B2106A200E52DBE /* ProtocolsExample */,
			);
		};
/* End PBXProject section */

/* Begin PBXResourcesBuildPhase section */
		E3B9B2F12B2106A200E52DBE /* Resources */ = {
			isa = PBXResourcesBuildPhase;
			buildActionMask = 2147483647;
			files = (
				E3B9B3032B2106A400E52DBE /* LaunchScreen.storyboard in Resources */,
				E3B9B3002B2106A400E52DBE /* Assets.xcassets in Resources */,
				E3B9B30E2B213EC300E52DBE /* SecondVC.xib in Resources */,
				E3B9B2FE2B2106A200E52DBE /* Main.storyboard in Resources */,
			);
			runOnlyForDeploymentPostprocessing = 0;
		};
/* End PBXResourcesBuildPhase section */

/* Begin PBXSourcesBuildPhase section */
		E3B9B2EF2B2106A200E52DBE /* Sources */ = {
			isa = PBXSourcesBuildPhase;
			buildActionMask = 2147483647;
			files = (
				E3B9B2FB2B2106A200E52DBE /* ViewController.swift in Sources */,
				E3B9B2F72B2106A200E52DBE /* AppDelegate.swift in Sources */,
				E3B9B30D2B213EC300E52DBE /* SecondVC.swift in Sources */,
				E3B9B2F92B2106A200E52DBE /* SceneDelegate.swift in Sources */,
			);
			runOnlyForDeploymentPostprocessing = 0;
		};
/* End PBXSourcesBuildPhase section */

/* Begin PBXVariantGroup section */
		E3B9B2FC2B2106A200E52DBE /* Main.storyboard */ = {
			isa = PBXVariantGroup;
			children = (
				E3B9B2FD2B2106A200E52DBE /* Base */,
			);
			name = Main.storyboard;
			sourceTree = "<group>";
		};
		E3B9B3012B2106A400E52DBE /* LaunchScreen.storyboard */ = {
			isa = PBXVariantGroup;
			children = (
				E3B9B3022B2106A400E52DBE /* Base */,
			);
			name = LaunchScreen.storyboard;
			sourceTree = "<group>";
		};
/* End PBXVariantGroup section */

/* Begin XCBuildConfiguration section */
		E3B9B3052B2106A400E52DBE /* Debug */ = {
			isa = XCBuildConfiguration;
			buildSettings = {
				ALWAYS_SEARCH_USER_PATHS = NO;
				ASSETCATALOG_COMPILER_GENERATE_SWIFT_ASSET_SYMBOL_EXTENSIONS = YES;
				CLANG_ANALYZER_NONNULL = YES;
				CLANG_ANALYZER_NUMBER_OBJECT_CONVERSION = YES_AGGRESSIVE;
				CLANG_CXX_LANGUAGE_STANDARD = "gnu++20";
				CLANG_ENABLE_MODULES = YES;
				CLANG_ENABLE_OBJC_ARC = YES;
				CLANG_ENABLE_OBJC_WEAK = YES;
				CLANG_WARN_BLOCK_CAPTURE_AUTORELEASING = YES;
				CLANG_WARN_BOOL_CONVERSION = YES;
				CLANG_WARN_COMMA = YES;
				CLANG_WARN_CONSTANT_CONVERSION = YES;
				CLANG_WARN_DEPRECATED_OBJC_IMPLEMENTATIONS = YES;
				CLANG_WARN_DIRECT_OBJC_ISA_USAGE = YES_ERROR;
				CLANG_WARN_DOCUMENTATION_COMMENTS = YES;
				CLANG_WARN_EMPTY_BODY = YES;
				CLANG_WARN_ENUM_CONVERSION = YES;
				CLANG_WARN_INFINITE_RECURSION = YES;
				CLANG_WARN_INT_CONVERSION = YES;
				CLANG_WARN_NON_LITERAL_NULL_CONVERSION = YES;
				CLANG_WARN_OBJC_IMPLICIT_RETAIN_SELF = YES;
				CLANG_WARN_OBJC_LITERAL_CONVERSION = YES;
				CLANG_WARN_OBJC_ROOT_CLASS = YES_ERROR;
				CLANG_WARN_QUOTED_INCLUDE_IN_FRAMEWORK_HEADER = YES;
				CLANG_WARN_RANGE_LOOP_ANALYSIS = YES;
				CLANG_WARN_STRICT_PROTOTYPES = YES;
				CLANG_WARN_SUSPICIOUS_MOVE = YES;
				CLANG_WARN_UNGUARDED_AVAILABILITY = YES_AGGRESSIVE;
				CLANG_WARN_UNREACHABLE_CODE = YES;
				CLANG_WARN__DUPLICATE_METHOD_MATCH = YES;
				COPY_PHASE_STRIP = NO;
				DEBUG_INFORMATION_FORMAT = dwarf;
				ENABLE_STRICT_OBJC_MSGSEND = YES;
				ENABLE_TESTABILITY = YES;
				ENABLE_USER_SCRIPT_SANDBOXING = YES;
				GCC_C_LANGUAGE_STANDARD = gnu17;
				GCC_DYNAMIC_NO_PIC = NO;
				GCC_NO_COMMON_BLOCKS = YES;
				GCC_OPTIMIZATION_LEVEL = 0;
				GCC_PREPROCESSOR_DEFINITIONS = (
					"DEBUG=1",
					"$(inherited)",
				);
				GCC_WARN_64_TO_32_BIT_CONVERSION = YES;
				GCC_WARN_ABOUT_RETURN_TYPE = YES_ERROR;
				GCC_WARN_UNDECLARED_SELECTOR = YES;
				GCC_WARN_UNINITIALIZED_AUTOS = YES_AGGRESSIVE;
				GCC_WARN_UNUSED_FUNCTION = YES;
				GCC_WARN_UNUSED_VARIABLE = YES;
				IPHONEOS_DEPLOYMENT_TARGET = 17.0;
				LOCALIZATION_PREFERS_STRING_CATALOGS = YES;
				MTL_ENABLE_DEBUG_INFO = INCLUDE_SOURCE;
				MTL_FAST_MATH = YES;
				ONLY_ACTIVE_ARCH = YES;
				SDKROOT = iphoneos;
				SWIFT_ACTIVE_COMPILATION_CONDITIONS = "DEBUG $(inherited)";
				SWIFT_OPTIMIZATION_LEVEL = "-Onone";
			};
			name = Debug;
		};
		E3B9B3062B2106A400E52DBE /* Release */ = {
			isa = XCBuildConfiguration;
			buildSettings = {
				ALWAYS_SEARCH_USER_PATHS = NO;
				ASSETCATALOG_COMPILER_GENERATE_SWIFT_ASSET_SYMBOL_EXTENSIONS = YES;
				CLANG_ANALYZER_NONNULL = YES;
				CLANG_ANALYZER_NUMBER_OBJECT_CONVERSION = YES_AGGRESSIVE;
				CLANG_CXX_LANGUAGE_STANDARD = "gnu++20";
				CLANG_ENABLE_MODULES = YES;
				CLANG_ENABLE_OBJC_ARC = YES;
				CLANG_ENABLE_OBJC_WEAK = YES;
				CLANG_WARN_BLOCK_CAPTURE_AUTORELEASING = YES;
				CLANG_WARN_BOOL_CONVERSION = YES;
				CLANG_WARN_COMMA = YES;
				CLANG_WARN_CONSTANT_CONVERSION = YES;
				CLANG_WARN_DEPRECATED_OBJC_IMPLEMENTATIONS = YES;
				CLANG_WARN_DIRECT_OBJC_ISA_USAGE = YES_ERROR;
				CLANG_WARN_DOCUMENTATION_COMMENTS = YES;
				CLANG_WARN_EMPTY_BODY = YES;
				CLANG_WARN_ENUM_CONVERSION = YES;
				CLANG_WARN_INFINITE_RECURSION = YES;
				CLANG_WARN_INT_CONVERSION = YES;
				CLANG_WARN_NON_LITERAL_NULL_CONVERSION = YES;
				CLANG_WARN_OBJC_IMPLICIT_RETAIN_SELF = YES;
				CLANG_WARN_OBJC_LITERAL_CONVERSION = YES;
				CLANG_WARN_OBJC_ROOT_CLASS = YES_ERROR;
				CLANG_WARN_QUOTED_INCLUDE_IN_FRAMEWORK_HEADER = YES;
				CLANG_WARN_RANGE_LOOP_ANALYSIS = YES;
				CLANG_WARN_STRICT_PROTOTYPES = YES;
				CLANG_WARN_SUSPICIOUS_MOVE = YES;
				CLANG_WARN_UNGUARDED_AVAILABILITY = YES_AGGRESSIVE;
				CLANG_WARN_UNREACHABLE_CODE = YES;
				CLANG_WARN__DUPLICATE_METHOD_MATCH = YES;
				COPY_PHASE_STRIP = NO;
				DEBUG_INFORMATION_FORMAT = "dwarf-with-dsym";
				ENABLE_NS_ASSERTIONS = NO;
				ENABLE_STRICT_OBJC_MSGSEND = YES;
				ENABLE_USER_SCRIPT_SANDBOXING = YES;
				GCC_C_LANGUAGE_STANDARD = gnu17;
				GCC_NO_COMMON_BLOCKS = YES;
				GCC_WARN_64_TO_32_BIT_CONVERSION = YES;
				GCC_WARN_ABOUT_RETURN_TYPE = YES_ERROR;
				GCC_WARN_UNDECLARED_SELECTOR = YES;
				GCC_WARN_UNINITIALIZED_AUTOS = YES_AGGRESSIVE;
				GCC_WARN_UNUSED_FUNCTION = YES;
				GCC_WARN_UNUSED_VARIABLE = YES;
				IPHONEOS_DEPLOYMENT_TARGET = 17.0;
				LOCALIZATION_PREFERS_STRING_CATALOGS = YES;
				MTL_ENABLE_DEBUG_INFO = NO;
				MTL_FAST_MATH = YES;
				SDKROOT = iphoneos;
				SWIFT_COMPILATION_MODE = wholemodule;
				VALIDATE_PRODUCT = YES;
			};
			name = Release;
		};
		E3B9B3082B2106A400E52DBE /* Debug */ = {
			isa = XCBuildConfiguration;
			buildSettings = {
				ASSETCATALOG_COMPILER_APPICON_NAME = AppIcon;
				ASSETCATALOG_COMPILER_GLOBAL_ACCENT_COLOR_NAME = AccentColor;
				CODE_SIGN_STYLE = Automatic;
				CURRENT_PROJECT_VERSION = 1;
				DEVELOPMENT_TEAM = 7VP5583697;
				GENERATE_INFOPLIST_FILE = YES;
				INFOPLIST_FILE = ProtocolsExample/Info.plist;
				INFOPLIST_KEY_UIApplicationSupportsIndirectInputEvents = YES;
				INFOPLIST_KEY_UILaunchStoryboardName = LaunchScreen;
				INFOPLIST_KEY_UIMainStoryboardFile = Main;
				INFOPLIST_KEY_UISupportedInterfaceOrientations = UIInterfaceOrientationPortrait;
				INFOPLIST_KEY_UISupportedInterfaceOrientations_iPad = "UIInterfaceOrientationLandscapeLeft UIInterfaceOrientationLandscapeRight UIInterfaceOrientationPortrait UIInterfaceOrientationPortraitUpsideDown";
				LD_RUNPATH_SEARCH_PATHS = (
					"$(inherited)",
					"@executable_path/Frameworks",
				);
				MARKETING_VERSION = 1.0;
				PRODUCT_BUNDLE_IDENTIFIER = com.ProtocolsExample.ProtocolsExample;
				PRODUCT_NAME = "$(TARGET_NAME)";
				SUPPORTED_PLATFORMS = "iphoneos iphonesimulator";
				SUPPORTS_MACCATALYST = NO;
				SWIFT_EMIT_LOC_STRINGS = YES;
				SWIFT_VERSION = 5.0;
				TARGETED_DEVICE_FAMILY = 1;
			};
			name = Debug;
		};
		E3B9B3092B2106A400E52DBE /* Release */ = {
			isa = XCBuildConfiguration;
			buildSettings = {
				ASSETCATALOG_COMPILER_APPICON_NAME = AppIcon;
				ASSETCATALOG_COMPILER_GLOBAL_ACCENT_COLOR_NAME = AccentColor;
				CODE_SIGN_STYLE = Automatic;
				CURRENT_PROJECT_VERSION = 1;
				DEVELOPMENT_TEAM = 7VP5583697;
				GENERATE_INFOPLIST_FILE = YES;
				INFOPLIST_FILE = ProtocolsExample/Info.plist;
				INFOPLIST_KEY_UIApplicationSupportsIndirectInputEvents = YES;
				INFOPLIST_KEY_UILaunchStoryboardName = LaunchScreen;
				INFOPLIST_KEY_UIMainStoryboardFile = Main;
				INFOPLIST_KEY_UISupportedInterfaceOrientations = UIInterfaceOrientationPortrait;
				INFOPLIST_KEY_UISupportedInterfaceOrientations_iPad = "UIInterfaceOrientationLandscapeLeft UIInterfaceOrientationLandscapeRight UIInterfaceOrientationPortrait UIInterfaceOrientationPortraitUpsideDown";
				LD_RUNPATH_SEARCH_PATHS = (
					"$(inherited)",
					"@executable_path/Frameworks",
				);
				MARKETING_VERSION = 1.0;
				PRODUCT_BUNDLE_IDENTIFIER = com.ProtocolsExample.ProtocolsExample;
				PRODUCT_NAME = "$(TARGET_NAME)";
				SUPPORTED_PLATFORMS = "iphoneos iphonesimulator";
				SUPPORTS_MACCATALYST = NO;
				SWIFT_EMIT_LOC_STRINGS = YES;
				SWIFT_VERSION = 5.0;
				TARGETED_DEVICE_FAMILY = 1;
			};
			name = Release;
		};
/* End XCBuildConfiguration section */

/* Begin XCConfigurationList section */
		E3B9B2EE2B2106A200E52DBE /* Build configuration list for PBXProject "ProtocolsExample" */ = {
			isa = XCConfigurationList;
			buildConfigurations = (
				E3B9B3052B2106A400E52DBE /* Debug */,
				E3B9B3062B2106A400E52DBE /* Release */,
			);
			defaultConfigurationIsVisible = 0;
			defaultConfigurationName = Release;
		};
		E3B9B3072B2106A400E52DBE /* Build configuration list for PBXNativeTarget "ProtocolsExample" */ = {
			isa = XCConfigurationList;
			buildConfigurations = (
				E3B9B3082B2106A400E52DBE /* Debug */,
				E3B9B3092B2106A400E52DBE /* Release */,
			);
			defaultConfigurationIsVisible = 0;
			defaultConfigurationName = Release;
		};
/* End XCConfigurationList section */
	};
	rootObject = E3B9B2EB2B2106A200E52DBE /* Project object */;
}
